
Microsoft Visual Studio Solution File, Format Version 12.00
# Visual Studio Version 16
VisualStudioVersion = 16.0.30611.23
MinimumVisualStudioVersion = 10.0.40219.1
Project("{FAE04EC0-301F-11D3-BF4B-00C04F79EFBC}") = "DemoApp", "DemoApp\DemoApp.csproj", "{63C2FDAE-9704-4843-82BE-49CBD322C5D7}"
EndProject
Project("{9A19103F-16F7-4668-BE54-9A1E7A4F7556}") = "DemoLambda", "DemoLambda\DemoLambda.csproj", "{AE8BED3F-7C68-4120-B048-E91511CCB0BA}"
EndProject
Project("{2150E333-8FDC-42A3-9474-1A3956D46DE8}") = "Lambda", "Lambda", "{7F8C2165-0373-4BF0-B5A7-4F63E640158C}"
EndProject
Global
	GlobalSection(SolutionConfigurationPlatforms) = preSolution
		Debug|Any CPU = Debug|Any CPU
		Release|Any CPU = Release|Any CPU
	EndGlobalSection
	GlobalSection(ProjectConfigurationPlatforms) = postSolution
		{63C2FDAE-9704-4843-82BE-49CBD322C5D7}.Debug|Any CPU.ActiveCfg = Debug|Any CPU
		{63C2FDAE-9704-4843-82BE-49CBD322C5D7}.Debug|Any CPU.Build.0 = Debug|Any CPU
		{63C2FDAE-9704-4843-82BE-49CBD322C5D7}.Release|Any CPU.ActiveCfg = Release|Any CPU
		{63C2FDAE-9704-4843-82BE-49CBD322C5D7}.Release|Any CPU.Build.0 = Release|Any CPU
		{AE8BED3F-7C68-4120-B048-E91511CCB0BA}.Debug|Any CPU.ActiveCfg = Debug|Any CPU
		{AE8BED3F-7C68-4120-B048-E91511CCB0BA}.Debug|Any CPU.Build.0 = Debug|Any CPU
		{AE8BED3F-7C68-4120-B048-E91511CCB0BA}.Release|Any CPU.ActiveCfg = Release|Any CPU
		{AE8BED3F-7C68-4120-B048-E91511CCB0BA}.Release|Any CPU.Build.0 = Release|Any CPU
	EndGlobalSection
	GlobalSection(SolutionProperties) = preSolution
		HideSolutionNode = FALSE
	EndGlobalSection
	GlobalSection(NestedProjects) = preSolution
		{AE8BED3F-7C68-4120-B048-E91511CCB0BA} = {7F8C2165-0373-4BF0-B5A7-4F63E640158C}
	EndGlobalSection
	GlobalSection(ExtensibilityGlobals) = postSolution
		SolutionGuid = {A17FB70A-4CE3-4B6C-B6D9-1F08425DD888}
	EndGlobalSection
EndGlobal
